
Microsoft Visual Studio Solution File, Format Version 12.00
# Visual Studio Version 16
VisualStudioVersion = 16.0.33423.256
MinimumVisualStudioVersion = 10.0.40219.1
Project("{8BC9CEB8-8B4A-11D0-8D11-00A0C91BC942}") = "decompression301", "decompression301\decompression301.vcxproj", "{FDEE98E4-7752-44FD-8420-F32D42A974CD}"
EndProject
Global
	GlobalSection(SolutionConfigurationPlatforms) = preSolution
		Debug|x64 = Debug|x64
		Debug|x86 = Debug|x86
		Release|x64 = Release|x64
		Release|x86 = Release|x86
	EndGlobalSection
	GlobalSection(ProjectConfigurationPlatforms) = postSolution
		{FDEE98E4-7752-44FD-8420-F32D42A974CD}.Debug|x64.ActiveCfg = Debug|x64
		{FDEE98E4-7752-44FD-8420-F32D42A974CD}.Debug|x64.Build.0 = Debug|x64
		{FDEE98E4-7752-44FD-8420-F32D42A974CD}.Debug|x86.ActiveCfg = Debug|Win32
		{FDEE98E4-7752-44FD-8420-F32D42A974CD}.Debug|x86.Build.0 = Debug|Win32
		{FDEE98E4-7752-44FD-8420-F32D42A974CD}.Release|x64.ActiveCfg = Release|x64
		{FDEE98E4-7752-44FD-8420-F32D42A974CD}.Release|x64.Build.0 = Release|x64
		{FDEE98E4-7752-44FD-8420-F32D42A974CD}.Release|x86.ActiveCfg = Release|Win32
		{FDEE98E4-7752-44FD-8420-F32D42A974CD}.Release|x86.Build.0 = Release|Win32
	EndGlobalSection
	GlobalSection(SolutionProperties) = preSolution
		HideSolutionNode = FALSE
	EndGlobalSection
	GlobalSection(ExtensibilityGlobals) = postSolution
		SolutionGuid = {210262D6-05C5-4CA5-971A-0CC55E748D08}
	EndGlobalSection
EndGlobal
